{
  "name": "mednoob-multilanguagediscordbotexample-javascript-eris",
  "version": "1.0.0",
  "lockfileVersion": 1,
  "requires": true,
  "dependencies": {
    "eris": {
      "version": "0.13.3",
      "resolved": "https://registry.npmjs.org/eris/-/eris-0.13.3.tgz",
      "integrity": "sha512-WBtLyknOWZpYZL9yPhez0oKUWvYpunSg43hGxawwjwSf3gFXmbEPYrT8KlmZXtpJnX16eQ7mzIq+MgSh3LarEg==",
      "requires": {
        "opusscript": "^0.0.7",
        "tweetnacl": "^1.0.1",
        "ws": "^7.2.1"
      }
    },
    "opusscript": {
      "version": "0.0.7",
      "resolved": "https://registry.npmjs.org/opusscript/-/opusscript-0.0.7.tgz",
      "integrity": "sha512-DcBadTdYTUuH9zQtepsLjQn4Ll6rs3dmeFvN+SD0ThPnxRBRm/WC1zXWPg+wgAJimB784gdZvUMA57gDP7FdVg==",
      "optional": true
    },
    "parse-ms": {
      "version": "2.1.0",
      "resolved": "https://registry.npmjs.org/parse-ms/-/parse-ms-2.1.0.tgz",
      "integrity": "sha512-kHt7kzLoS9VBZfUsiKjv43mr91ea+U05EyKkEtqp7vNbHxmaVuEqN7XxeEVnGrMtYOAxGrDElSi96K7EgO1zCA=="
    },
    "pretty-ms": {
      "version": "7.0.0",
      "resolved": "https://registry.npmjs.org/pretty-ms/-/pretty-ms-7.0.0.tgz",
      "integrity": "sha512-J3aPWiC5e9ZeZFuSeBraGxSkGMOvulSWsxDByOcbD1Pr75YL3LSNIKIb52WXbCLE1sS5s4inBBbryjF4Y05Ceg==",
      "requires": {
        "parse-ms": "^2.1.0"
      }
    },
    "tweetnacl": {
      "version": "1.0.3",
      "resolved": "https://registry.npmjs.org/tweetnacl/-/tweetnacl-1.0.3.tgz",
      "integrity": "sha512-6rt+RN7aOi1nGMyC4Xa5DdYiukl2UWCbcJft7YhxReBGQD7OAM8Pbxw6YMo4r2diNEA8FEmu32YOn9rhaiE5yw==",
      "optional": true
    },
    "ws": {
      "version": "7.3.1",
      "resolved": "https://registry.npmjs.org/ws/-/ws-7.3.1.tgz",
      "integrity": "sha512-D3RuNkynyHmEJIpD2qrgVkc9DQ23OrN/moAwZX4L8DfvszsJxpjQuUq3LMx6HoYji9fbIOBY18XWBsAux1ZZUA=="
    }
  }
}
//med_update=1
